// !$*UTF8*$!
{
	archiveVersion = 1;
	classes = {
	};
	objectVersion = 55;
	objects = {

/* Begin PBXBuildFile section */
		963CACA9281B1C6C0000F33F /* AppDelegate.swift in Sources */ = {isa = PBXBuildFile; fileRef = 963CACA8281B1C6C0000F33F /* AppDelegate.swift */; };
		963CACAB281B1C6C0000F33F /* SceneDelegate.swift in Sources */ = {isa = PBXBuildFile; fileRef = 963CACAA281B1C6C0000F33F /* SceneDelegate.swift */; };
		963CACB0281B1C6C0000F33F /* Main.storyboard in Resources */ = {isa = PBXBuildFile; fileRef = 963CACAE281B1C6C0000F33F /* Main.storyboard */; };
		963CACB2281B1C6C0000F33F /* Assets.xcassets in Resources */ = {isa = PBXBuildFile; fileRef = 963CACB1281B1C6C0000F33F /* Assets.xcassets */; };
		963CACB5281B1C6C0000F33F /* LaunchScreen.storyboard in Resources */ = {isa = PBXBuildFile; fileRef = 963CACB3281B1C6C0000F33F /* LaunchScreen.storyboard */; };
		963CACC7281B65600000F33F /* ProjectViewController.swift in Sources */ = {isa = PBXBuildFile; fileRef = 963CACC6281B65600000F33F /* ProjectViewController.swift */; };
		963CACC9281B65F60000F33F /* DataModel.swift in Sources */ = {isa = PBXBuildFile; fileRef = 963CACC8281B65F60000F33F /* DataModel.swift */; };
		963CACCB281B66650000F33F /* Project.swift in Sources */ = {isa = PBXBuildFile; fileRef = 963CACCA281B66650000F33F /* Project.swift */; };
		963CACCD281B66C70000F33F /* PrItems.swift in Sources */ = {isa = PBXBuildFile; fileRef = 963CACCC281B66C70000F33F /* PrItems.swift */; };
		963CACD2281B75330000F33F /* ListDetailViewController.swift in Sources */ = {isa = PBXBuildFile; fileRef = 963CACD1281B75330000F33F /* ListDetailViewController.swift */; };
		963CACD5281B94340000F33F /* PrViewController.swift in Sources */ = {isa = PBXBuildFile; fileRef = 963CACD4281B94340000F33F /* PrViewController.swift */; };
		963CACD7281B958E0000F33F /* PrDetailViewController.swift in Sources */ = {isa = PBXBuildFile; fileRef = 963CACD6281B958E0000F33F /* PrDetailViewController.swift */; };
/* End PBXBuildFile section */

/* Begin PBXFileReference section */
		963CACA5281B1C6C0000F33F /* Geeto.app */ = {isa = PBXFileReference; explicitFileType = wrapper.application; includeInIndex = 0; path = Geeto.app; sourceTree = BUILT_PRODUCTS_DIR; };
		963CACA8281B1C6C0000F33F /* AppDelegate.swift */ = {isa = PBXFileReference; lastKnownFileType = sourcecode.swift; path = AppDelegate.swift; sourceTree = "<group>"; };
		963CACAA281B1C6C0000F33F /* SceneDelegate.swift */ = {isa = PBXFileReference; lastKnownFileType = sourcecode.swift; path = SceneDelegate.swift; sourceTree = "<group>"; };
		963CACAF281B1C6C0000F33F /* Base */ = {isa = PBXFileReference; lastKnownFileType = file.storyboard; name = Base; path = Base.lproj/Main.storyboard; sourceTree = "<group>"; };
		963CACB1281B1C6C0000F33F /* Assets.xcassets */ = {isa = PBXFileReference; lastKnownFileType = folder.assetcatalog; path = Assets.xcassets; sourceTree = "<group>"; };
		963CACB4281B1C6C0000F33F /* Base */ = {isa = PBXFileReference; lastKnownFileType = file.storyboard; name = Base; path = Base.lproj/LaunchScreen.storyboard; sourceTree = "<group>"; };
		963CACB6281B1C6C0000F33F /* Info.plist */ = {isa = PBXFileReference; lastKnownFileType = text.plist.xml; path = Info.plist; sourceTree = "<group>"; };
		963CACC6281B65600000F33F /* ProjectViewController.swift */ = {isa = PBXFileReference; lastKnownFileType = sourcecode.swift; path = ProjectViewController.swift; sourceTree = "<group>"; };
		963CACC8281B65F60000F33F /* DataModel.swift */ = {isa = PBXFileReference; lastKnownFileType = sourcecode.swift; path = DataModel.swift; sourceTree = "<group>"; };
		963CACCA281B66650000F33F /* Project.swift */ = {isa = PBXFileReference; lastKnownFileType = sourcecode.swift; path = Project.swift; sourceTree = "<group>"; };
		963CACCC281B66C70000F33F /* PrItems.swift */ = {isa = PBXFileReference; lastKnownFileType = sourcecode.swift; path = PrItems.swift; sourceTree = "<group>"; };
		963CACD1281B75330000F33F /* ListDetailViewController.swift */ = {isa = PBXFileReference; lastKnownFileType = sourcecode.swift; path = ListDetailViewController.swift; sourceTree = "<group>"; };
		963CACD4281B94340000F33F /* PrViewController.swift */ = {isa = PBXFileReference; lastKnownFileType = sourcecode.swift; path = PrViewController.swift; sourceTree = "<group>"; };
		963CACD6281B958E0000F33F /* PrDetailViewController.swift */ = {isa = PBXFileReference; lastKnownFileType = sourcecode.swift; path = PrDetailViewController.swift; sourceTree = "<group>"; };
/* End PBXFileReference section */

/* Begin PBXFrameworksBuildPhase section */
		963CACA2281B1C6C0000F33F /* Frameworks */ = {
			isa = PBXFrameworksBuildPhase;
			buildActionMask = 2147483647;
			files = (
			);
			runOnlyForDeploymentPostprocessing = 0;
		};
/* End PBXFrameworksBuildPhase section */

/* Begin PBXGroup section */
		963CAC9C281B1C6C0000F33F = {
			isa = PBXGroup;
			children = (
				963CACA7281B1C6C0000F33F /* Geeto */,
				963CACA6281B1C6C0000F33F /* Products */,
			);
			sourceTree = "<group>";
		};
		963CACA6281B1C6C0000F33F /* Products */ = {
			isa = PBXGroup;
			children = (
				963CACA5281B1C6C0000F33F /* Geeto.app */,
			);
			name = Products;
			sourceTree = "<group>";
		};
		963CACA7281B1C6C0000F33F /* Geeto */ = {
			isa = PBXGroup;
			children = (
				963CACA8281B1C6C0000F33F /* AppDelegate.swift */,
				963CACD3281B93E20000F33F /* View Controller */,
				963CACD0281B6C1C0000F33F /* Data */,
				963CACAA281B1C6C0000F33F /* SceneDelegate.swift */,
				963CACAE281B1C6C0000F33F /* Main.storyboard */,
				963CACB1281B1C6C0000F33F /* Assets.xcassets */,
				963CACB3281B1C6C0000F33F /* LaunchScreen.storyboard */,
				963CACB6281B1C6C0000F33F /* Info.plist */,
			);
			path = Geeto;
			sourceTree = "<group>";
		};
		963CACD0281B6C1C0000F33F /* Data */ = {
			isa = PBXGroup;
			children = (
				963CACC8281B65F60000F33F /* DataModel.swift */,
				963CACCA281B66650000F33F /* Project.swift */,
				963CACCC281B66C70000F33F /* PrItems.swift */,
			);
			path = Data;
			sourceTree = "<group>";
		};
		963CACD3281B93E20000F33F /* View Controller */ = {
			isa = PBXGroup;
			children = (
				963CACC6281B65600000F33F /* ProjectViewController.swift */,
				963CACD1281B75330000F33F /* ListDetailViewController.swift */,
				963CACD4281B94340000F33F /* PrViewController.swift */,
				963CACD6281B958E0000F33F /* PrDetailViewController.swift */,
			);
			path = "View Controller";
			sourceTree = "<group>";
		};
/* End PBXGroup section */

/* Begin PBXNativeTarget section */
		963CACA4281B1C6C0000F33F /* Geeto */ = {
			isa = PBXNativeTarget;
			buildConfigurationList = 963CACB9281B1C6C0000F33F /* Build configuration list for PBXNativeTarget "Geeto" */;
			buildPhases = (
				963CACA1281B1C6C0000F33F /* Sources */,
				963CACA2281B1C6C0000F33F /* Frameworks */,
				963CACA3281B1C6C0000F33F /* Resources */,
			);
			buildRules = (
			);
			dependencies = (
			);
			name = Geeto;
			productName = Geeto;
			productReference = 963CACA5281B1C6C0000F33F /* Geeto.app */;
			productType = "com.apple.product-type.application";
		};
/* End PBXNativeTarget section */

/* Begin PBXProject section */
		963CAC9D281B1C6C0000F33F /* Project object */ = {
			isa = PBXProject;
			attributes = {
				BuildIndependentTargetsInParallel = 1;
				LastSwiftUpdateCheck = 1330;
				LastUpgradeCheck = 1330;
				TargetAttributes = {
					963CACA4281B1C6C0000F33F = {
						CreatedOnToolsVersion = 13.3;
					};
				};
			};
			buildConfigurationList = 963CACA0281B1C6C0000F33F /* Build configuration list for PBXProject "Geeto" */;
			compatibilityVersion = "Xcode 13.0";
			developmentRegion = en;
			hasScannedForEncodings = 0;
			knownRegions = (
				en,
				Base,
			);
			mainGroup = 963CAC9C281B1C6C0000F33F;
			productRefGroup = 963CACA6281B1C6C0000F33F /* Products */;
			projectDirPath = "";
			projectRoot = "";
			targets = (
				963CACA4281B1C6C0000F33F /* Geeto */,
			);
		};
/* End PBXProject section */

/* Begin PBXResourcesBuildPhase section */
		963CACA3281B1C6C0000F33F /* Resources */ = {
			isa = PBXResourcesBuildPhase;
			buildActionMask = 2147483647;
			files = (
				963CACB5281B1C6C0000F33F /* LaunchScreen.storyboard in Resources */,
				963CACB2281B1C6C0000F33F /* Assets.xcassets in Resources */,
				963CACB0281B1C6C0000F33F /* Main.storyboard in Resources */,
			);
			runOnlyForDeploymentPostprocessing = 0;
		};
/* End PBXResourcesBuildPhase section */

/* Begin PBXSourcesBuildPhase section */
		963CACA1281B1C6C0000F33F /* Sources */ = {
			isa = PBXSourcesBuildPhase;
			buildActionMask = 2147483647;
			files = (
				963CACCD281B66C70000F33F /* PrItems.swift in Sources */,
				963CACD2281B75330000F33F /* ListDetailViewController.swift in Sources */,
				963CACC9281B65F60000F33F /* DataModel.swift in Sources */,
				963CACD7281B958E0000F33F /* PrDetailViewController.swift in Sources */,
				963CACC7281B65600000F33F /* ProjectViewController.swift in Sources */,
				963CACD5281B94340000F33F /* PrViewController.swift in Sources */,
				963CACA9281B1C6C0000F33F /* AppDelegate.swift in Sources */,
				963CACAB281B1C6C0000F33F /* SceneDelegate.swift in Sources */,
				963CACCB281B66650000F33F /* Project.swift in Sources */,
			);
			runOnlyForDeploymentPostprocessing = 0;
		};
/* End PBXSourcesBuildPhase section */

/* Begin PBXVariantGroup section */
		963CACAE281B1C6C0000F33F /* Main.storyboard */ = {
			isa = PBXVariantGroup;
			children = (
				963CACAF281B1C6C0000F33F /* Base */,
			);
			name = Main.storyboard;
			sourceTree = "<group>";
		};
		963CACB3281B1C6C0000F33F /* LaunchScreen.storyboard */ = {
			isa = PBXVariantGroup;
			children = (
				963CACB4281B1C6C0000F33F /* Base */,
			);
			name = LaunchScreen.storyboard;
			sourceTree = "<group>";
		};
/* End PBXVariantGroup section */

/* Begin XCBuildConfiguration section */
		963CACB7281B1C6C0000F33F /* Debug */ = {
			isa = XCBuildConfiguration;
			buildSettings = {
				ALWAYS_SEARCH_USER_PATHS = NO;
				CLANG_ANALYZER_NONNULL = YES;
				CLANG_ANALYZER_NUMBER_OBJECT_CONVERSION = YES_AGGRESSIVE;
				CLANG_CXX_LANGUAGE_STANDARD = "gnu++17";
				CLANG_ENABLE_MODULES = YES;
				CLANG_ENABLE_OBJC_ARC = YES;
				CLANG_ENABLE_OBJC_WEAK = YES;
				CLANG_WARN_BLOCK_CAPTURE_AUTORELEASING = YES;
				CLANG_WARN_BOOL_CONVERSION = YES;
				CLANG_WARN_COMMA = YES;
				CLANG_WARN_CONSTANT_CONVERSION = YES;
				CLANG_WARN_DEPRECATED_OBJC_IMPLEMENTATIONS = YES;
				CLANG_WARN_DIRECT_OBJC_ISA_USAGE = YES_ERROR;
				CLANG_WARN_DOCUMENTATION_COMMENTS = YES;
				CLANG_WARN_EMPTY_BODY = YES;
				CLANG_WARN_ENUM_CONVERSION = YES;
				CLANG_WARN_INFINITE_RECURSION = YES;
				CLANG_WARN_INT_CONVERSION = YES;
				CLANG_WARN_NON_LITERAL_NULL_CONVERSION = YES;
				CLANG_WARN_OBJC_IMPLICIT_RETAIN_SELF = YES;
				CLANG_WARN_OBJC_LITERAL_CONVERSION = YES;
				CLANG_WARN_OBJC_ROOT_CLASS = YES_ERROR;
				CLANG_WARN_QUOTED_INCLUDE_IN_FRAMEWORK_HEADER = YES;
				CLANG_WARN_RANGE_LOOP_ANALYSIS = YES;
				CLANG_WARN_STRICT_PROTOTYPES = YES;
				CLANG_WARN_SUSPICIOUS_MOVE = YES;
				CLANG_WARN_UNGUARDED_AVAILABILITY = YES_AGGRESSIVE;
				CLANG_WARN_UNREACHABLE_CODE = YES;
				CLANG_WARN__DUPLICATE_METHOD_MATCH = YES;
				COPY_PHASE_STRIP = NO;
				DEBUG_INFORMATION_FORMAT = dwarf;
				ENABLE_STRICT_OBJC_MSGSEND = YES;
				ENABLE_TESTABILITY = YES;
				GCC_C_LANGUAGE_STANDARD = gnu11;
				GCC_DYNAMIC_NO_PIC = NO;
				GCC_NO_COMMON_BLOCKS = YES;
				GCC_OPTIMIZATION_LEVEL = 0;
				GCC_PREPROCESSOR_DEFINITIONS = (
					"DEBUG=1",
					"$(inherited)",
				);
				GCC_WARN_64_TO_32_BIT_CONVERSION = YES;
				GCC_WARN_ABOUT_RETURN_TYPE = YES_ERROR;
				GCC_WARN_UNDECLARED_SELECTOR = YES;
				GCC_WARN_UNINITIALIZED_AUTOS = YES_AGGRESSIVE;
				GCC_WARN_UNUSED_FUNCTION = YES;
				GCC_WARN_UNUSED_VARIABLE = YES;
				IPHONEOS_DEPLOYMENT_TARGET = 15.4;
				MTL_ENABLE_DEBUG_INFO = INCLUDE_SOURCE;
				MTL_FAST_MATH = YES;
				ONLY_ACTIVE_ARCH = YES;
				SDKROOT = iphoneos;
				SWIFT_ACTIVE_COMPILATION_CONDITIONS = DEBUG;
				SWIFT_OPTIMIZATION_LEVEL = "-Onone";
			};
			name = Debug;
		};
		963CACB8281B1C6C0000F33F /* Release */ = {
			isa = XCBuildConfiguration;
			buildSettings = {
				ALWAYS_SEARCH_USER_PATHS = NO;
				CLANG_ANALYZER_NONNULL = YES;
				CLANG_ANALYZER_NUMBER_OBJECT_CONVERSION = YES_AGGRESSIVE;
				CLANG_CXX_LANGUAGE_STANDARD = "gnu++17";
				CLANG_ENABLE_MODULES = YES;
				CLANG_ENABLE_OBJC_ARC = YES;
				CLANG_ENABLE_OBJC_WEAK = YES;
				CLANG_WARN_BLOCK_CAPTURE_AUTORELEASING = YES;
				CLANG_WARN_BOOL_CONVERSION = YES;
				CLANG_WARN_COMMA = YES;
				CLANG_WARN_CONSTANT_CONVERSION = YES;
				CLANG_WARN_DEPRECATED_OBJC_IMPLEMENTATIONS = YES;
				CLANG_WARN_DIRECT_OBJC_ISA_USAGE = YES_ERROR;
				CLANG_WARN_DOCUMENTATION_COMMENTS = YES;
				CLANG_WARN_EMPTY_BODY = YES;
				CLANG_WARN_ENUM_CONVERSION = YES;
				CLANG_WARN_INFINITE_RECURSION = YES;
				CLANG_WARN_INT_CONVERSION = YES;
				CLANG_WARN_NON_LITERAL_NULL_CONVERSION = YES;
				CLANG_WARN_OBJC_IMPLICIT_RETAIN_SELF = YES;
				CLANG_WARN_OBJC_LITERAL_CONVERSION = YES;
				CLANG_WARN_OBJC_ROOT_CLASS = YES_ERROR;
				CLANG_WARN_QUOTED_INCLUDE_IN_FRAMEWORK_HEADER = YES;
				CLANG_WARN_RANGE_LOOP_ANALYSIS = YES;
				CLANG_WARN_STRICT_PROTOTYPES = YES;
				CLANG_WARN_SUSPICIOUS_MOVE = YES;
				CLANG_WARN_UNGUARDED_AVAILABILITY = YES_AGGRESSIVE;
				CLANG_WARN_UNREACHABLE_CODE = YES;
				CLANG_WARN__DUPLICATE_METHOD_MATCH = YES;
				COPY_PHASE_STRIP = NO;
				DEBUG_INFORMATION_FORMAT = "dwarf-with-dsym";
				ENABLE_NS_ASSERTIONS = NO;
				ENABLE_STRICT_OBJC_MSGSEND = YES;
				GCC_C_LANGUAGE_STANDARD = gnu11;
				GCC_NO_COMMON_BLOCKS = YES;
				GCC_WARN_64_TO_32_BIT_CONVERSION = YES;
				GCC_WARN_ABOUT_RETURN_TYPE = YES_ERROR;
				GCC_WARN_UNDECLARED_SELECTOR = YES;
				GCC_WARN_UNINITIALIZED_AUTOS = YES_AGGRESSIVE;
				GCC_WARN_UNUSED_FUNCTION = YES;
				GCC_WARN_UNUSED_VARIABLE = YES;
				IPHONEOS_DEPLOYMENT_TARGET = 15.4;
				MTL_ENABLE_DEBUG_INFO = NO;
				MTL_FAST_MATH = YES;
				SDKROOT = iphoneos;
				SWIFT_COMPILATION_MODE = wholemodule;
				SWIFT_OPTIMIZATION_LEVEL = "-O";
				VALIDATE_PRODUCT = YES;
			};
			name = Release;
		};
		963CACBA281B1C6C0000F33F /* Debug */ = {
			isa = XCBuildConfiguration;
			buildSettings = {
				ASSETCATALOG_COMPILER_APPICON_NAME = AppIcon;
				ASSETCATALOG_COMPILER_GLOBAL_ACCENT_COLOR_NAME = AccentColor;
				CODE_SIGN_STYLE = Automatic;
				CURRENT_PROJECT_VERSION = 1;
				DEVELOPMENT_TEAM = W438B4YCPC;
				GENERATE_INFOPLIST_FILE = YES;
				INFOPLIST_FILE = Geeto/Info.plist;
				INFOPLIST_KEY_UIApplicationSupportsIndirectInputEvents = YES;
				INFOPLIST_KEY_UILaunchStoryboardName = LaunchScreen;
				INFOPLIST_KEY_UIMainStoryboardFile = Main;
				INFOPLIST_KEY_UISupportedInterfaceOrientations_iPad = "UIInterfaceOrientationPortrait UIInterfaceOrientationPortraitUpsideDown UIInterfaceOrientationLandscapeLeft UIInterfaceOrientationLandscapeRight";
				INFOPLIST_KEY_UISupportedInterfaceOrientations_iPhone = "UIInterfaceOrientationPortrait UIInterfaceOrientationLandscapeLeft UIInterfaceOrientationLandscapeRight";
				LD_RUNPATH_SEARCH_PATHS = (
					"$(inherited)",
					"@executable_path/Frameworks",
				);
				MARKETING_VERSION = 1.0;
				PRODUCT_BUNDLE_IDENTIFIER = nc.Geeto;
				PRODUCT_NAME = "$(TARGET_NAME)";
				SWIFT_EMIT_LOC_STRINGS = YES;
				SWIFT_VERSION = 5.0;
				TARGETED_DEVICE_FAMILY = "1,2";
			};
			name = Debug;
		};
		963CACBB281B1C6C0000F33F /* Release */ = {
			isa = XCBuildConfiguration;
			buildSettings = {
				ASSETCATALOG_COMPILER_APPICON_NAME = AppIcon;
				ASSETCATALOG_COMPILER_GLOBAL_ACCENT_COLOR_NAME = AccentColor;
				CODE_SIGN_STYLE = Automatic;
				CURRENT_PROJECT_VERSION = 1;
				DEVELOPMENT_TEAM = W438B4YCPC;
				GENERATE_INFOPLIST_FILE = YES;
				INFOPLIST_FILE = Geeto/Info.plist;
				INFOPLIST_KEY_UIApplicationSupportsIndirectInputEvents = YES;
				INFOPLIST_KEY_UILaunchStoryboardName = LaunchScreen;
				INFOPLIST_KEY_UIMainStoryboardFile = Main;
				INFOPLIST_KEY_UISupportedInterfaceOrientations_iPad = "UIInterfaceOrientationPortrait UIInterfaceOrientationPortraitUpsideDown UIInterfaceOrientationLandscapeLeft UIInterfaceOrientationLandscapeRight";
				INFOPLIST_KEY_UISupportedInterfaceOrientations_iPhone = "UIInterfaceOrientationPortrait UIInterfaceOrientationLandscapeLeft UIInterfaceOrientationLandscapeRight";
				LD_RUNPATH_SEARCH_PATHS = (
					"$(inherited)",
					"@executable_path/Frameworks",
				);
				MARKETING_VERSION = 1.0;
				PRODUCT_BUNDLE_IDENTIFIER = nc.Geeto;
				PRODUCT_NAME = "$(TARGET_NAME)";
				SWIFT_EMIT_LOC_STRINGS = YES;
				SWIFT_VERSION = 5.0;
				TARGETED_DEVICE_FAMILY = "1,2";
			};
			name = Release;
		};
/* End XCBuildConfiguration section */

/* Begin XCConfigurationList section */
		963CACA0281B1C6C0000F33F /* Build configuration list for PBXProject "Geeto" */ = {
			isa = XCConfigurationList;
			buildConfigurations = (
				963CACB7281B1C6C0000F33F /* Debug */,
				963CACB8281B1C6C0000F33F /* Release */,
			);
			defaultConfigurationIsVisible = 0;
			defaultConfigurationName = Release;
		};
		963CACB9281B1C6C0000F33F /* Build configuration list for PBXNativeTarget "Geeto" */ = {
			isa = XCConfigurationList;
			buildConfigurations = (
				963CACBA281B1C6C0000F33F /* Debug */,
				963CACBB281B1C6C0000F33F /* Release */,
			);
			defaultConfigurationIsVisible = 0;
			defaultConfigurationName = Release;
		};
/* End XCConfigurationList section */
	};
	rootObject = 963CAC9D281B1C6C0000F33F /* Project object */;
}
